
Microsoft Visual Studio Solution File, Format Version 12.00
# Visual Studio 14
VisualStudioVersion = 14.0.25420.1
MinimumVisualStudioVersion = 10.0.40219.1
Project("{FAE04EC0-301F-11D3-BF4B-00C04F79EFBC}") = "Encryption", "Encryption\Encryption.csproj", "{8EB46C55-B237-4B46-B57E-8DC84CD182AF}"
EndProject
Project("{FAE04EC0-301F-11D3-BF4B-00C04F79EFBC}") = "EncryptionTest", "EncryptionTest\EncryptionTest.csproj", "{C14B4FE2-52E7-4F2C-AC67-CC5631B41FA7}"
EndProject
Project("{FAE04EC0-301F-11D3-BF4B-00C04F79EFBC}") = "Encrypto", "Encrypto\Encrypto.csproj", "{7B5771FB-A44E-40FF-A48B-DE29A83A0A61}"
EndProject
Global
	GlobalSection(SolutionConfigurationPlatforms) = preSolution
		Debug|Any CPU = Debug|Any CPU
		Release|Any CPU = Release|Any CPU
	EndGlobalSection
	GlobalSection(ProjectConfigurationPlatforms) = postSolution
		{8EB46C55-B237-4B46-B57E-8DC84CD182AF}.Debug|Any CPU.ActiveCfg = Debug|Any CPU
		{8EB46C55-B237-4B46-B57E-8DC84CD182AF}.Debug|Any CPU.Build.0 = Debug|Any CPU
		{8EB46C55-B237-4B46-B57E-8DC84CD182AF}.Release|Any CPU.ActiveCfg = Release|Any CPU
		{8EB46C55-B237-4B46-B57E-8DC84CD182AF}.Release|Any CPU.Build.0 = Release|Any CPU
		{C14B4FE2-52E7-4F2C-AC67-CC5631B41FA7}.Debug|Any CPU.ActiveCfg = Debug|Any CPU
		{C14B4FE2-52E7-4F2C-AC67-CC5631B41FA7}.Debug|Any CPU.Build.0 = Debug|Any CPU
		{C14B4FE2-52E7-4F2C-AC67-CC5631B41FA7}.Release|Any CPU.ActiveCfg = Release|Any CPU
		{C14B4FE2-52E7-4F2C-AC67-CC5631B41FA7}.Release|Any CPU.Build.0 = Release|Any CPU
		{7B5771FB-A44E-40FF-A48B-DE29A83A0A61}.Debug|Any CPU.ActiveCfg = Debug|Any CPU
		{7B5771FB-A44E-40FF-A48B-DE29A83A0A61}.Debug|Any CPU.Build.0 = Debug|Any CPU
		{7B5771FB-A44E-40FF-A48B-DE29A83A0A61}.Release|Any CPU.ActiveCfg = Release|Any CPU
		{7B5771FB-A44E-40FF-A48B-DE29A83A0A61}.Release|Any CPU.Build.0 = Release|Any CPU
	EndGlobalSection
	GlobalSection(SolutionProperties) = preSolution
		HideSolutionNode = FALSE
	EndGlobalSection
EndGlobal
